<?xml version="1.0" encoding="utf-8"?>
<Project ToolsVersion="4.0" xmlns="http://schemas.microsoft.com/developer/msbuild/2003">
  <ItemGroup>
    <ClCompile Include="Logger.cpp" />
    <ClCompile Include="MagnetFactory.cpp" />
    <ClCompile Include="particle.cpp" />
    <ClCompile Include="polaris.cpp" />
    <ClCompile Include="Source.cpp" />
  </ItemGroup>
  <ItemGroup>
    <ClInclude Include="camera.h" />
    <ClInclude Include="core.h" />
    <ClInclude Include="Logger.h" />
    <ClInclude Include="MagnetFactory.h" />
    <ClInclude Include="Magnets.h" />
    <ClInclude Include="objects.h" />
    <ClInclude Include="particle.h" />
    <ClInclude Include="polaris.h" />
    <ClInclude Include="precision.h" />
    <ClInclude Include="sysmetrics.h" />
    <ClInclude Include="Spaceship.h" />
  </ItemGroup>
</Project>